{
  "version": 4,
  "terraform_version": "1.1.7",
  "serial": 8,
  "lineage": "6ce3f5cd-8930-7706-2f0f-153310eb3110",
  "outputs": {},
  "resources": [
    {
      "mode": "managed",
      "type": "docker_image",
      "name": "targetserver",
      "provider": "provider[\"registry.terraform.io/kreuzwerker/docker\"]",
      "instances": [
        {
          "schema_version": 0,
          "attributes": {
            "build": [],
            "force_remove": null,
            "id": "sha256:c73616f705a9c8389a094af59a61dbb7e10b9091c23bdadcaa3ea0b28213ce02nishanthkp/targetserver:ubuntu16",
            "keep_locally": false,
            "latest": "sha256:c73616f705a9c8389a094af59a61dbb7e10b9091c23bdadcaa3ea0b28213ce02",
            "name": "nishanthkp/targetserver:ubuntu16",
            "output": null,
            "pull_trigger": null,
            "pull_triggers": null,
            "repo_digest": "nishanthkp/targetserver@sha256:aac6282fd6324e0046a67808c938ff230dcb103e24a8043d142f21ab74ea4b98"
          },
          "sensitive_attributes": [],
          "private": "bnVsbA=="
        }
      ]
    }
  ]
}
